
Microsoft Visual Studio Solution File, Format Version 12.00
Project("{FAE04EC0-301F-11D3-BF4B-00C04F79EFBC}") = "Api.Employee", "Api.Employee\Api.Employee.csproj", "{54B0837F-77EB-4CC1-AD2F-F638B5FF9E7B}"
EndProject
Project("{FAE04EC0-301F-11D3-BF4B-00C04F79EFBC}") = "Volo.AbpBase", "Volo.AbpBase\Volo.AbpBase.csproj", "{265E6BEF-0CA0-4D56-9DE5-A0F62A574471}"
EndProject
Project("{2150E333-8FDC-42A3-9474-1A3956D46DE8}") = "Infrastructure", "Infrastructure", "{3700D1B4-67BD-4FDF-9C85-557B987B9D0E}"
EndProject
Project("{FAE04EC0-301F-11D3-BF4B-00C04F79EFBC}") = "CustomEntityFramework", "CustomEntityFramework\CustomEntityFramework.csproj", "{A93BCA4A-78C0-4C88-8435-87134902E1F0}"
EndProject
Project("{2150E333-8FDC-42A3-9474-1A3956D46DE8}") = "Doamin", "Doamin", "{A6F245F4-8ED6-453B-AE6F-2A33C6B6EF54}"
EndProject
Project("{2150E333-8FDC-42A3-9474-1A3956D46DE8}") = "Application", "Application", "{7C31A68B-8434-4D7C-8FE3-C5643A7FF7F9}"
EndProject
Project("{2150E333-8FDC-42A3-9474-1A3956D46DE8}") = "Common", "Common", "{3FEF35E7-A1BE-402F-81B8-890D9199BB90}"
EndProject
Project("{FAE04EC0-301F-11D3-BF4B-00C04F79EFBC}") = "CustomApplication", "CustomApplication\CustomApplication.csproj", "{C9078D4E-DDBB-4601-9FE4-36781BE35216}"
EndProject
Project("{FAE04EC0-301F-11D3-BF4B-00C04F79EFBC}") = "CustomApplication.Share", "CustomApplication.Share\CustomApplication.Share.csproj", "{5DFF7383-6D6F-4959-B707-DABF3D1B599D}"
EndProject
Project("{FAE04EC0-301F-11D3-BF4B-00C04F79EFBC}") = "CustomMiddler", "CustomMiddler\CustomMiddler.csproj", "{D3AB90EF-C7BC-41D9-8C06-8850480D68A2}"
EndProject
Project("{FAE04EC0-301F-11D3-BF4B-00C04F79EFBC}") = "CustomDomain", "CustomDomain\CustomDomain.csproj", "{2994E1BD-8BDE-4DF5-BC6A-F8C7EFFC85F3}"
EndProject
Global
	GlobalSection(SolutionConfigurationPlatforms) = preSolution
		Debug|Any CPU = Debug|Any CPU
		Release|Any CPU = Release|Any CPU
	EndGlobalSection
	GlobalSection(ProjectConfigurationPlatforms) = postSolution
		{54B0837F-77EB-4CC1-AD2F-F638B5FF9E7B}.Debug|Any CPU.ActiveCfg = Debug|Any CPU
		{54B0837F-77EB-4CC1-AD2F-F638B5FF9E7B}.Debug|Any CPU.Build.0 = Debug|Any CPU
		{54B0837F-77EB-4CC1-AD2F-F638B5FF9E7B}.Release|Any CPU.ActiveCfg = Release|Any CPU
		{54B0837F-77EB-4CC1-AD2F-F638B5FF9E7B}.Release|Any CPU.Build.0 = Release|Any CPU
		{265E6BEF-0CA0-4D56-9DE5-A0F62A574471}.Debug|Any CPU.ActiveCfg = Debug|Any CPU
		{265E6BEF-0CA0-4D56-9DE5-A0F62A574471}.Debug|Any CPU.Build.0 = Debug|Any CPU
		{265E6BEF-0CA0-4D56-9DE5-A0F62A574471}.Release|Any CPU.ActiveCfg = Release|Any CPU
		{265E6BEF-0CA0-4D56-9DE5-A0F62A574471}.Release|Any CPU.Build.0 = Release|Any CPU
		{A93BCA4A-78C0-4C88-8435-87134902E1F0}.Debug|Any CPU.ActiveCfg = Debug|Any CPU
		{A93BCA4A-78C0-4C88-8435-87134902E1F0}.Debug|Any CPU.Build.0 = Debug|Any CPU
		{A93BCA4A-78C0-4C88-8435-87134902E1F0}.Release|Any CPU.ActiveCfg = Release|Any CPU
		{A93BCA4A-78C0-4C88-8435-87134902E1F0}.Release|Any CPU.Build.0 = Release|Any CPU
		{C9078D4E-DDBB-4601-9FE4-36781BE35216}.Debug|Any CPU.ActiveCfg = Debug|Any CPU
		{C9078D4E-DDBB-4601-9FE4-36781BE35216}.Debug|Any CPU.Build.0 = Debug|Any CPU
		{C9078D4E-DDBB-4601-9FE4-36781BE35216}.Release|Any CPU.ActiveCfg = Release|Any CPU
		{C9078D4E-DDBB-4601-9FE4-36781BE35216}.Release|Any CPU.Build.0 = Release|Any CPU
		{5DFF7383-6D6F-4959-B707-DABF3D1B599D}.Debug|Any CPU.ActiveCfg = Debug|Any CPU
		{5DFF7383-6D6F-4959-B707-DABF3D1B599D}.Debug|Any CPU.Build.0 = Debug|Any CPU
		{5DFF7383-6D6F-4959-B707-DABF3D1B599D}.Release|Any CPU.ActiveCfg = Release|Any CPU
		{5DFF7383-6D6F-4959-B707-DABF3D1B599D}.Release|Any CPU.Build.0 = Release|Any CPU
		{D3AB90EF-C7BC-41D9-8C06-8850480D68A2}.Debug|Any CPU.ActiveCfg = Debug|Any CPU
		{D3AB90EF-C7BC-41D9-8C06-8850480D68A2}.Debug|Any CPU.Build.0 = Debug|Any CPU
		{D3AB90EF-C7BC-41D9-8C06-8850480D68A2}.Release|Any CPU.ActiveCfg = Release|Any CPU
		{D3AB90EF-C7BC-41D9-8C06-8850480D68A2}.Release|Any CPU.Build.0 = Release|Any CPU
		{2994E1BD-8BDE-4DF5-BC6A-F8C7EFFC85F3}.Debug|Any CPU.ActiveCfg = Debug|Any CPU
		{2994E1BD-8BDE-4DF5-BC6A-F8C7EFFC85F3}.Debug|Any CPU.Build.0 = Debug|Any CPU
		{2994E1BD-8BDE-4DF5-BC6A-F8C7EFFC85F3}.Release|Any CPU.ActiveCfg = Release|Any CPU
		{2994E1BD-8BDE-4DF5-BC6A-F8C7EFFC85F3}.Release|Any CPU.Build.0 = Release|Any CPU
	EndGlobalSection
	GlobalSection(NestedProjects) = preSolution
		{A93BCA4A-78C0-4C88-8435-87134902E1F0} = {3700D1B4-67BD-4FDF-9C85-557B987B9D0E}
		{C9078D4E-DDBB-4601-9FE4-36781BE35216} = {7C31A68B-8434-4D7C-8FE3-C5643A7FF7F9}
		{5DFF7383-6D6F-4959-B707-DABF3D1B599D} = {7C31A68B-8434-4D7C-8FE3-C5643A7FF7F9}
		{D3AB90EF-C7BC-41D9-8C06-8850480D68A2} = {3FEF35E7-A1BE-402F-81B8-890D9199BB90}
		{2994E1BD-8BDE-4DF5-BC6A-F8C7EFFC85F3} = {A6F245F4-8ED6-453B-AE6F-2A33C6B6EF54}
	EndGlobalSection
EndGlobal
