
Microsoft Visual Studio Solution File, Format Version 12.00
# Visual Studio Version 17
VisualStudioVersion = 17.10.34916.146
MinimumVisualStudioVersion = 10.0.40219.1
Project("{9A19103F-16F7-4668-BE54-9A1E7A4F7556}") = "ApiCore.EmployeeManagement", "ApiCore.Employee\ApiCore.EmployeeManagement.csproj", "{AAEC1C20-8D5F-4068-B3B7-2BA51F96F2DA}"
EndProject
Project("{2150E333-8FDC-42A3-9474-1A3956D46DE8}") = "Employee.Infrastructure", "Employee.Infrastructure", "{6540A4F3-8627-4C82-B811-05CC4D13586F}"
EndProject
Project("{2150E333-8FDC-42A3-9474-1A3956D46DE8}") = "ServiceData", "ServiceData", "{33075DE9-07DC-4D25-8053-6CB0CC2E0ECA}"
EndProject
Project("{9A19103F-16F7-4668-BE54-9A1E7A4F7556}") = "Volo.Abp.Service", "Volo.Abp.Service\Volo.Abp.Service.csproj", "{276828C7-AA67-4D90-886A-EC05F6F0277E}"
EndProject
Project("{9A19103F-16F7-4668-BE54-9A1E7A4F7556}") = "EntityFrameworkCore", "Data.Employee\EntityFrameworkCore.csproj", "{4427DBAD-77EE-41C4-81EE-E7CDE4BF1E71}"
EndProject
Project("{2150E333-8FDC-42A3-9474-1A3956D46DE8}") = "Db", "Db", "{F85F4DB4-5B9F-49EB-86E2-2564B5A8A0DB}"
EndProject
Project("{9A19103F-16F7-4668-BE54-9A1E7A4F7556}") = "Services.EmployeeManagement", "Services.EmployeeManagement\Services.EmployeeManagement.csproj", "{132DFD61-9171-4EE6-A8BA-137B61A9236E}"
EndProject
Project("{2150E333-8FDC-42A3-9474-1A3956D46DE8}") = "Application", "Application", "{86CF785B-9FD5-4940-8788-5C76D11C628A}"
EndProject
Project("{9A19103F-16F7-4668-BE54-9A1E7A4F7556}") = "Application.Contracts", "Employee.Application.Contracts\Application.Contracts.csproj", "{CB375607-3146-4EF6-A57C-F2636E2CF880}"
EndProject
Project("{9A19103F-16F7-4668-BE54-9A1E7A4F7556}") = "Application", "Employee.Application\Application.csproj", "{0C28FEB7-82CF-417C-B4F1-5B105BE6F35C}"
EndProject
Project("{2150E333-8FDC-42A3-9474-1A3956D46DE8}") = "Domain", "Domain", "{58436BB1-3347-4661-8D19-DB4582AA422F}"
EndProject
Project("{9A19103F-16F7-4668-BE54-9A1E7A4F7556}") = "Domain", "Domain\Domain.csproj", "{1D9529B1-C864-4CF7-B376-8EBC643E3A2B}"
EndProject
Project("{9A19103F-16F7-4668-BE54-9A1E7A4F7556}") = "Domain.Shared", "Domain.Shared\Domain.Shared.csproj", "{3F3317D9-ADFB-4C4A-A9F4-4347BB5B95BA}"
EndProject
Project("{9A19103F-16F7-4668-BE54-9A1E7A4F7556}") = "EventBus.Publish", "EventBus.Publish\EventBus.Publish.csproj", "{BB599BF9-33E5-4F1B-8225-19BFA1071CAD}"
EndProject
Project("{2150E333-8FDC-42A3-9474-1A3956D46DE8}") = "Common", "Common", "{47CC4CD6-7B1B-46B7-9F13-342BB2D0029F}"
EndProject
Project("{9A19103F-16F7-4668-BE54-9A1E7A4F7556}") = "MiddleWare", "MiddleWare\MiddleWare.csproj", "{7567A3DF-CAF3-4DF3-8B73-AB8CA28B9084}"
EndProject
Project("{9A19103F-16F7-4668-BE54-9A1E7A4F7556}") = "IdentityServer", "IdentityServer\IdentityServer.csproj", "{C9AC0EB7-53F4-485D-BDBE-3AB422B46FFD}"
EndProject
Project("{2150E333-8FDC-42A3-9474-1A3956D46DE8}") = "GrpcService", "GrpcService", "{6B5B3C17-5261-4D08-99A7-4B2423A67077}"
EndProject
Project("{9A19103F-16F7-4668-BE54-9A1E7A4F7556}") = "AliCloud", "AliCloud\AliCloud.csproj", "{E01760C6-519F-472D-952F-2350AC966CBB}"
EndProject
Project("{9A19103F-16F7-4668-BE54-9A1E7A4F7556}") = "Config", "Config\Config.csproj", "{0504E5C3-CA5A-4221-A274-2668DE850380}"
EndProject
Project("{9A19103F-16F7-4668-BE54-9A1E7A4F7556}") = "Entity.Base", "Entity.Base\Entity.Base.csproj", "{FD823E94-1454-444B-B07D-EEE42C0D7A45}"
EndProject
Project("{9A19103F-16F7-4668-BE54-9A1E7A4F7556}") = "GrpcService", "GrpcService\GrpcService.csproj", "{F9C41620-48A1-45ED-A900-B73278895BFB}"
EndProject
Project("{9A19103F-16F7-4668-BE54-9A1E7A4F7556}") = "CasbinCore", "Casbin\CasbinCore.csproj", "{E9D00478-8148-4056-AA04-2A02E164C8AC}"
EndProject
Project("{9A19103F-16F7-4668-BE54-9A1E7A4F7556}") = "Employee.GrpcService", "Employee.GrpcService\Employee.GrpcService.csproj", "{895B1CFC-57C0-40EE-A185-274DAFE7C6DD}"
EndProject
Global
	GlobalSection(SolutionConfigurationPlatforms) = preSolution
		Debug|Any CPU = Debug|Any CPU
		Release|Any CPU = Release|Any CPU
	EndGlobalSection
	GlobalSection(ProjectConfigurationPlatforms) = postSolution
		{AAEC1C20-8D5F-4068-B3B7-2BA51F96F2DA}.Debug|Any CPU.ActiveCfg = Debug|Any CPU
		{AAEC1C20-8D5F-4068-B3B7-2BA51F96F2DA}.Debug|Any CPU.Build.0 = Debug|Any CPU
		{AAEC1C20-8D5F-4068-B3B7-2BA51F96F2DA}.Release|Any CPU.ActiveCfg = Release|Any CPU
		{AAEC1C20-8D5F-4068-B3B7-2BA51F96F2DA}.Release|Any CPU.Build.0 = Release|Any CPU
		{276828C7-AA67-4D90-886A-EC05F6F0277E}.Debug|Any CPU.ActiveCfg = Debug|Any CPU
		{276828C7-AA67-4D90-886A-EC05F6F0277E}.Debug|Any CPU.Build.0 = Debug|Any CPU
		{276828C7-AA67-4D90-886A-EC05F6F0277E}.Release|Any CPU.ActiveCfg = Release|Any CPU
		{276828C7-AA67-4D90-886A-EC05F6F0277E}.Release|Any CPU.Build.0 = Release|Any CPU
		{4427DBAD-77EE-41C4-81EE-E7CDE4BF1E71}.Debug|Any CPU.ActiveCfg = Debug|Any CPU
		{4427DBAD-77EE-41C4-81EE-E7CDE4BF1E71}.Debug|Any CPU.Build.0 = Debug|Any CPU
		{4427DBAD-77EE-41C4-81EE-E7CDE4BF1E71}.Release|Any CPU.ActiveCfg = Release|Any CPU
		{4427DBAD-77EE-41C4-81EE-E7CDE4BF1E71}.Release|Any CPU.Build.0 = Release|Any CPU
		{132DFD61-9171-4EE6-A8BA-137B61A9236E}.Debug|Any CPU.ActiveCfg = Debug|Any CPU
		{132DFD61-9171-4EE6-A8BA-137B61A9236E}.Debug|Any CPU.Build.0 = Debug|Any CPU
		{132DFD61-9171-4EE6-A8BA-137B61A9236E}.Release|Any CPU.ActiveCfg = Release|Any CPU
		{132DFD61-9171-4EE6-A8BA-137B61A9236E}.Release|Any CPU.Build.0 = Release|Any CPU
		{CB375607-3146-4EF6-A57C-F2636E2CF880}.Debug|Any CPU.ActiveCfg = Debug|Any CPU
		{CB375607-3146-4EF6-A57C-F2636E2CF880}.Debug|Any CPU.Build.0 = Debug|Any CPU
		{CB375607-3146-4EF6-A57C-F2636E2CF880}.Release|Any CPU.ActiveCfg = Release|Any CPU
		{CB375607-3146-4EF6-A57C-F2636E2CF880}.Release|Any CPU.Build.0 = Release|Any CPU
		{0C28FEB7-82CF-417C-B4F1-5B105BE6F35C}.Debug|Any CPU.ActiveCfg = Debug|Any CPU
		{0C28FEB7-82CF-417C-B4F1-5B105BE6F35C}.Debug|Any CPU.Build.0 = Debug|Any CPU
		{0C28FEB7-82CF-417C-B4F1-5B105BE6F35C}.Release|Any CPU.ActiveCfg = Release|Any CPU
		{0C28FEB7-82CF-417C-B4F1-5B105BE6F35C}.Release|Any CPU.Build.0 = Release|Any CPU
		{1D9529B1-C864-4CF7-B376-8EBC643E3A2B}.Debug|Any CPU.ActiveCfg = Debug|Any CPU
		{1D9529B1-C864-4CF7-B376-8EBC643E3A2B}.Debug|Any CPU.Build.0 = Debug|Any CPU
		{1D9529B1-C864-4CF7-B376-8EBC643E3A2B}.Release|Any CPU.ActiveCfg = Release|Any CPU
		{1D9529B1-C864-4CF7-B376-8EBC643E3A2B}.Release|Any CPU.Build.0 = Release|Any CPU
		{3F3317D9-ADFB-4C4A-A9F4-4347BB5B95BA}.Debug|Any CPU.ActiveCfg = Debug|Any CPU
		{3F3317D9-ADFB-4C4A-A9F4-4347BB5B95BA}.Debug|Any CPU.Build.0 = Debug|Any CPU
		{3F3317D9-ADFB-4C4A-A9F4-4347BB5B95BA}.Release|Any CPU.ActiveCfg = Release|Any CPU
		{3F3317D9-ADFB-4C4A-A9F4-4347BB5B95BA}.Release|Any CPU.Build.0 = Release|Any CPU
		{BB599BF9-33E5-4F1B-8225-19BFA1071CAD}.Debug|Any CPU.ActiveCfg = Debug|Any CPU
		{BB599BF9-33E5-4F1B-8225-19BFA1071CAD}.Debug|Any CPU.Build.0 = Debug|Any CPU
		{BB599BF9-33E5-4F1B-8225-19BFA1071CAD}.Release|Any CPU.ActiveCfg = Release|Any CPU
		{BB599BF9-33E5-4F1B-8225-19BFA1071CAD}.Release|Any CPU.Build.0 = Release|Any CPU
		{7567A3DF-CAF3-4DF3-8B73-AB8CA28B9084}.Debug|Any CPU.ActiveCfg = Debug|Any CPU
		{7567A3DF-CAF3-4DF3-8B73-AB8CA28B9084}.Debug|Any CPU.Build.0 = Debug|Any CPU
		{7567A3DF-CAF3-4DF3-8B73-AB8CA28B9084}.Release|Any CPU.ActiveCfg = Release|Any CPU
		{7567A3DF-CAF3-4DF3-8B73-AB8CA28B9084}.Release|Any CPU.Build.0 = Release|Any CPU
		{C9AC0EB7-53F4-485D-BDBE-3AB422B46FFD}.Debug|Any CPU.ActiveCfg = Debug|Any CPU
		{C9AC0EB7-53F4-485D-BDBE-3AB422B46FFD}.Debug|Any CPU.Build.0 = Debug|Any CPU
		{C9AC0EB7-53F4-485D-BDBE-3AB422B46FFD}.Release|Any CPU.ActiveCfg = Release|Any CPU
		{C9AC0EB7-53F4-485D-BDBE-3AB422B46FFD}.Release|Any CPU.Build.0 = Release|Any CPU
		{E01760C6-519F-472D-952F-2350AC966CBB}.Debug|Any CPU.ActiveCfg = Debug|Any CPU
		{E01760C6-519F-472D-952F-2350AC966CBB}.Debug|Any CPU.Build.0 = Debug|Any CPU
		{E01760C6-519F-472D-952F-2350AC966CBB}.Release|Any CPU.ActiveCfg = Release|Any CPU
		{E01760C6-519F-472D-952F-2350AC966CBB}.Release|Any CPU.Build.0 = Release|Any CPU
		{0504E5C3-CA5A-4221-A274-2668DE850380}.Debug|Any CPU.ActiveCfg = Debug|Any CPU
		{0504E5C3-CA5A-4221-A274-2668DE850380}.Debug|Any CPU.Build.0 = Debug|Any CPU
		{0504E5C3-CA5A-4221-A274-2668DE850380}.Release|Any CPU.ActiveCfg = Release|Any CPU
		{0504E5C3-CA5A-4221-A274-2668DE850380}.Release|Any CPU.Build.0 = Release|Any CPU
		{FD823E94-1454-444B-B07D-EEE42C0D7A45}.Debug|Any CPU.ActiveCfg = Debug|Any CPU
		{FD823E94-1454-444B-B07D-EEE42C0D7A45}.Debug|Any CPU.Build.0 = Debug|Any CPU
		{FD823E94-1454-444B-B07D-EEE42C0D7A45}.Release|Any CPU.ActiveCfg = Release|Any CPU
		{FD823E94-1454-444B-B07D-EEE42C0D7A45}.Release|Any CPU.Build.0 = Release|Any CPU
		{F9C41620-48A1-45ED-A900-B73278895BFB}.Debug|Any CPU.ActiveCfg = Debug|Any CPU
		{F9C41620-48A1-45ED-A900-B73278895BFB}.Debug|Any CPU.Build.0 = Debug|Any CPU
		{F9C41620-48A1-45ED-A900-B73278895BFB}.Release|Any CPU.ActiveCfg = Release|Any CPU
		{F9C41620-48A1-45ED-A900-B73278895BFB}.Release|Any CPU.Build.0 = Release|Any CPU
		{E9D00478-8148-4056-AA04-2A02E164C8AC}.Debug|Any CPU.ActiveCfg = Debug|Any CPU
		{E9D00478-8148-4056-AA04-2A02E164C8AC}.Debug|Any CPU.Build.0 = Debug|Any CPU
		{E9D00478-8148-4056-AA04-2A02E164C8AC}.Release|Any CPU.ActiveCfg = Release|Any CPU
		{E9D00478-8148-4056-AA04-2A02E164C8AC}.Release|Any CPU.Build.0 = Release|Any CPU
		{895B1CFC-57C0-40EE-A185-274DAFE7C6DD}.Debug|Any CPU.ActiveCfg = Debug|Any CPU
		{895B1CFC-57C0-40EE-A185-274DAFE7C6DD}.Debug|Any CPU.Build.0 = Debug|Any CPU
		{895B1CFC-57C0-40EE-A185-274DAFE7C6DD}.Release|Any CPU.ActiveCfg = Release|Any CPU
		{895B1CFC-57C0-40EE-A185-274DAFE7C6DD}.Release|Any CPU.Build.0 = Release|Any CPU
	EndGlobalSection
	GlobalSection(SolutionProperties) = preSolution
		HideSolutionNode = FALSE
	EndGlobalSection
	GlobalSection(NestedProjects) = preSolution
		{4427DBAD-77EE-41C4-81EE-E7CDE4BF1E71} = {6540A4F3-8627-4C82-B811-05CC4D13586F}
		{F85F4DB4-5B9F-49EB-86E2-2564B5A8A0DB} = {33075DE9-07DC-4D25-8053-6CB0CC2E0ECA}
		{132DFD61-9171-4EE6-A8BA-137B61A9236E} = {F85F4DB4-5B9F-49EB-86E2-2564B5A8A0DB}
		{CB375607-3146-4EF6-A57C-F2636E2CF880} = {86CF785B-9FD5-4940-8788-5C76D11C628A}
		{0C28FEB7-82CF-417C-B4F1-5B105BE6F35C} = {86CF785B-9FD5-4940-8788-5C76D11C628A}
		{1D9529B1-C864-4CF7-B376-8EBC643E3A2B} = {58436BB1-3347-4661-8D19-DB4582AA422F}
		{3F3317D9-ADFB-4C4A-A9F4-4347BB5B95BA} = {58436BB1-3347-4661-8D19-DB4582AA422F}
		{BB599BF9-33E5-4F1B-8225-19BFA1071CAD} = {6540A4F3-8627-4C82-B811-05CC4D13586F}
		{7567A3DF-CAF3-4DF3-8B73-AB8CA28B9084} = {47CC4CD6-7B1B-46B7-9F13-342BB2D0029F}
		{E01760C6-519F-472D-952F-2350AC966CBB} = {47CC4CD6-7B1B-46B7-9F13-342BB2D0029F}
		{0504E5C3-CA5A-4221-A274-2668DE850380} = {47CC4CD6-7B1B-46B7-9F13-342BB2D0029F}
		{FD823E94-1454-444B-B07D-EEE42C0D7A45} = {47CC4CD6-7B1B-46B7-9F13-342BB2D0029F}
		{F9C41620-48A1-45ED-A900-B73278895BFB} = {6B5B3C17-5261-4D08-99A7-4B2423A67077}
		{E9D00478-8148-4056-AA04-2A02E164C8AC} = {6540A4F3-8627-4C82-B811-05CC4D13586F}
		{895B1CFC-57C0-40EE-A185-274DAFE7C6DD} = {6B5B3C17-5261-4D08-99A7-4B2423A67077}
	EndGlobalSection
	GlobalSection(ExtensibilityGlobals) = postSolution
		SolutionGuid = {908F3243-26A7-4086-9DF6-7CE0B5476D89}
	EndGlobalSection
EndGlobal
